{
  "object": {
    "pins": [
      {
        "package": "Mockingbird",
        "repositoryURL": "https://github.com/birdrides/mockingbird.git",
        "state": {
          "branch": null,
          "revision": "d76d5e927cceaa3ccd51d3395196ae62bd5a5adc",
          "version": "0.14.1"
        }
      },
      {
        "package": "Resolver",
        "repositoryURL": "git@github.com:dooZdev/Resolver.git",
        "state": {
          "branch": "develop",
          "revision": "6842435b69f2e5d9d6d417a2d0753033815f2d93",
          "version": null
        }
      }
    ]
  },
  "version": 1
}
